// !$*UTF8*$!
{
	archiveVersion = 1;
	classes = {
	};
	objectVersion = 77;
	objects = {

/* Begin PBXFileReference section */
		WA0000000000000000000001 /* Walk.app */ = {isa = PBXFileReference; explicitFileType = wrapper.application; includeInIndex = 0; path = Walk.app; sourceTree = BUILT_PRODUCTS_DIR; };
/* End PBXFileReference section */

/* Begin PBXFileSystemSynchronizedRootGroup section */
		WA0000000000000000000010 /* WalkApp */ = {isa = PBXFileSystemSynchronizedRootGroup; explicitFileTypes = {}; explicitFolders = (); path = WalkApp; sourceTree = "<group>"; };
/* End PBXFileSystemSynchronizedRootGroup section */

/* Begin PBXFrameworksBuildPhase section */
		WA0000000000000000000020 /* Frameworks */ = {
			isa = PBXFrameworksBuildPhase;
			buildActionMask = 2147483647;
			files = (
				WA0000000000000000000041 /* WalkKit in Frameworks */,
			);
			runOnlyForDeploymentPostprocessing = 0;
		};
/* End PBXFrameworksBuildPhase section */

/* Begin PBXBuildFile section */
		WA0000000000000000000041 /* WalkKit in Frameworks */ = {isa = PBXBuildFile; productRef = WA0000000000000000000040 /* WalkKit */; };
/* End PBXBuildFile section */

/* Begin PBXGroup section */
		WA0000000000000000000002 = {
			isa = PBXGroup;
			children = (
				WA0000000000000000000010 /* WalkApp */,
				WA0000000000000000000003 /* Products */,
			);
			sourceTree = "<group>";
		};
		WA0000000000000000000003 /* Products */ = {
			isa = PBXGroup;
			children = (
				WA0000000000000000000001 /* Walk.app */,
			);
			name = Products;
			sourceTree = "<group>";
		};
/* End PBXGroup section */

/* Begin PBXNativeTarget section */
		WA0000000000000000000030 /* Walk */ = {
			isa = PBXNativeTarget;
			buildConfigurationList = WA0000000000000000000051 /* Build configuration list for PBXNativeTarget "Walk" */;
			buildPhases = (
				WA0000000000000000000021 /* Sources */,
				WA0000000000000000000020 /* Frameworks */,
				WA0000000000000000000022 /* Resources */,
			);
			buildRules = (
			);
			dependencies = (
			);
			fileSystemSynchronizedGroups = (
				WA0000000000000000000010 /* WalkApp */,
			);
			name = Walk;
			packageProductDependencies = (
				WA0000000000000000000040 /* WalkKit */,
			);
			productName = Walk;
			productReference = WA0000000000000000000001 /* Walk.app */;
			productType = "com.apple.product-type.application";
		};
/* End PBXNativeTarget section */

/* Begin PBXProject section */
		WA0000000000000000000004 /* Project object */ = {
			isa = PBXProject;
			attributes = {
				BuildIndependentTargetsInParallel = 1;
				LastSwiftUpdateCheck = 2700;
				LastUpgradeCheck = 2700;
				TargetAttributes = {
					WA0000000000000000000030 = {
						CreatedOnToolsVersion = 27.0;
					};
				};
			};
			buildConfigurationList = WA0000000000000000000050 /* Build configuration list for PBXProject "Walk" */;
			developmentRegion = en;
			hasScannedForEncodings = 0;
			knownRegions = (
				en,
				Base,
			);
			mainGroup = WA0000000000000000000002;
			minimizedProjectReferenceProxies = 1;
			packageReferences = (
				WA0000000000000000000042 /* XCLocalSwiftPackageReference "../" */,
			);
			preferredProjectObjectVersion = 77;
			productRefGroup = WA0000000000000000000003 /* Products */;
			projectDirPath = "";
			projectRoot = "";
			targets = (
				WA0000000000000000000030 /* Walk */,
			);
		};
/* End PBXProject section */

/* Begin PBXResourcesBuildPhase section */
		WA0000000000000000000022 /* Resources */ = {
			isa = PBXResourcesBuildPhase;
			buildActionMask = 2147483647;
			files = (
			);
			runOnlyForDeploymentPostprocessing = 0;
		};
/* End PBXResourcesBuildPhase section */

/* Begin PBXSourcesBuildPhase section */
		WA0000000000000000000021 /* Sources */ = {
			isa = PBXSourcesBuildPhase;
			buildActionMask = 2147483647;
			files = (
			);
			runOnlyForDeploymentPostprocessing = 0;
		};
/* End PBXSourcesBuildPhase section */

/* Begin XCBuildConfiguration section */
		WA0000000000000000000060 /* Debug */ = {
			isa = XCBuildConfiguration;
			buildSettings = {
				ALWAYS_SEARCH_USER_PATHS = NO;
				CLANG_ENABLE_OBJC_WEAK = YES;
				COPY_PHASE_STRIP = NO;
				DEBUG_INFORMATION_FORMAT = dwarf;
				ENABLE_STRICT_OBJC_MSGSEND = YES;
				ENABLE_TESTABILITY = YES;
				GCC_NO_COMMON_BLOCKS = YES;
				GCC_OPTIMIZATION_LEVEL = 0;
				GCC_PREPROCESSOR_DEFINITIONS = (
					"DEBUG=1",
					"$(inherited)",
				);
				MACOSX_DEPLOYMENT_TARGET = 26.0;
				MTL_ENABLE_DEBUG_INFO = INCLUDE_SOURCE;
				MTL_FAST_MATH = YES;
				ONLY_ACTIVE_ARCH = YES;
				SDKROOT = macosx;
				SWIFT_ACTIVE_COMPILATION_CONDITIONS = "DEBUG $(inherited)";
				SWIFT_OPTIMIZATION_LEVEL = "-Onone";
				SWIFT_VERSION = 6.0;
			};
			name = Debug;
		};
		WA0000000000000000000061 /* Release */ = {
			isa = XCBuildConfiguration;
			buildSettings = {
				ALWAYS_SEARCH_USER_PATHS = NO;
				// BUILD LOCATION IS OUT OF THE REPOSITORY ON PURPOSE.
				//
				// MEASURED 2026-09-12. This repository lives in ~/Documents,
				// which is an iCloud Drive File Provider domain. The File
				// Provider stamps com.apple.FinderInfo and
				// com.apple.fileprovider.fpfs#P onto bundle directories, and
				// codesign refuses outright: "resource fork, Finder
				// information, or similar detritus not allowed". Built here,
				// Walk.app carried both attributes and CodeSign failed; built
				// outside, it carries only com.apple.provenance and signs.
				//
				// This is the SAME cause as the swift test failure the 0.2.0
				// changelog recorded and worked around with
				// --build-system native. That workaround works but names the
				// wrong thing: it is the build LOCATION, not the build system.
				// Proven both ways — swift test fails in .build/ and passes
				// with --scratch-path outside ~/Documents.
				//
				// $(HOME) rather than an absolute path so a clean checkout on
				// another machine, and CI, both work with no flags.
				CLANG_ENABLE_OBJC_WEAK = YES;
				COPY_PHASE_STRIP = NO;
				DEBUG_INFORMATION_FORMAT = "dwarf-with-dsym";
				ENABLE_NS_ASSERTIONS = NO;
				ENABLE_STRICT_OBJC_MSGSEND = YES;
				GCC_NO_COMMON_BLOCKS = YES;
				MACOSX_DEPLOYMENT_TARGET = 26.0;
				MTL_ENABLE_DEBUG_INFO = NO;
				MTL_FAST_MATH = YES;
				SDKROOT = macosx;
				SWIFT_COMPILATION_MODE = wholemodule;
				SWIFT_VERSION = 6.0;
			};
			name = Release;
		};
		WA0000000000000000000062 /* Debug */ = {
			isa = XCBuildConfiguration;
			buildSettings = {
				ASSETCATALOG_COMPILER_GENERATE_ASSET_SYMBOL_FRAMEWORKS = SwiftUI;
				CODE_SIGN_IDENTITY = "-";
				CODE_SIGN_STYLE = Manual;
				COMBINE_HIDPI_IMAGES = YES;
				CURRENT_PROJECT_VERSION = 1;
				DEVELOPMENT_TEAM = "";
				ENABLE_APP_SANDBOX = NO;
				ENABLE_HARDENED_RUNTIME = YES;
				GENERATE_INFOPLIST_FILE = YES;
				INFOPLIST_KEY_CFBundleDisplayName = Walk;
				INFOPLIST_KEY_LSApplicationCategoryType = "public.app-category.photography";
				INFOPLIST_KEY_NSHumanReadableCopyright = "MIT (c) lucidIT LLC";
				LD_RUNPATH_SEARCH_PATHS = (
					"$(inherited)",
					"@executable_path/../Frameworks",
				);
				MARKETING_VERSION = 0.3.0;
				PRODUCT_BUNDLE_IDENTIFIER = "io.o-matic.walk";
				PRODUCT_NAME = Walk;
				PROVISIONING_PROFILE_SPECIFIER = "";
				SWIFT_EMIT_LOC_STRINGS = YES;
			};
			name = Debug;
		};
		WA0000000000000000000063 /* Release */ = {
			isa = XCBuildConfiguration;
			buildSettings = {
				ASSETCATALOG_COMPILER_GENERATE_ASSET_SYMBOL_FRAMEWORKS = SwiftUI;
				CODE_SIGN_IDENTITY = "-";
				CODE_SIGN_STYLE = Manual;
				COMBINE_HIDPI_IMAGES = YES;
				CURRENT_PROJECT_VERSION = 1;
				DEVELOPMENT_TEAM = "";
				ENABLE_APP_SANDBOX = NO;
				ENABLE_HARDENED_RUNTIME = YES;
				GENERATE_INFOPLIST_FILE = YES;
				INFOPLIST_KEY_CFBundleDisplayName = Walk;
				INFOPLIST_KEY_LSApplicationCategoryType = "public.app-category.photography";
				INFOPLIST_KEY_NSHumanReadableCopyright = "MIT (c) lucidIT LLC";
				LD_RUNPATH_SEARCH_PATHS = (
					"$(inherited)",
					"@executable_path/../Frameworks",
				);
				MARKETING_VERSION = 0.3.0;
				PRODUCT_BUNDLE_IDENTIFIER = "io.o-matic.walk";
				PRODUCT_NAME = Walk;
				PROVISIONING_PROFILE_SPECIFIER = "";
				SWIFT_EMIT_LOC_STRINGS = YES;
			};
			name = Release;
		};
/* End XCBuildConfiguration section */

/* Begin XCConfigurationList section */
		WA0000000000000000000050 /* Build configuration list for PBXProject "Walk" */ = {
			isa = XCConfigurationList;
			buildConfigurations = (
				WA0000000000000000000060 /* Debug */,
				WA0000000000000000000061 /* Release */,
			);
			defaultConfigurationIsVisible = 0;
			defaultConfigurationName = Release;
		};
		WA0000000000000000000051 /* Build configuration list for PBXNativeTarget "Walk" */ = {
			isa = XCConfigurationList;
			buildConfigurations = (
				WA0000000000000000000062 /* Debug */,
				WA0000000000000000000063 /* Release */,
			);
			defaultConfigurationIsVisible = 0;
			defaultConfigurationName = Release;
		};
/* End XCConfigurationList section */

/* Begin XCLocalSwiftPackageReference section */
		WA0000000000000000000042 /* XCLocalSwiftPackageReference "../" */ = {
			isa = XCLocalSwiftPackageReference;
			relativePath = ../;
		};
/* End XCLocalSwiftPackageReference section */

/* Begin XCSwiftPackageProductDependency section */
		WA0000000000000000000040 /* WalkKit */ = {
			isa = XCSwiftPackageProductDependency;
			productName = WalkKit;
		};
/* End XCSwiftPackageProductDependency section */
	};
	rootObject = WA0000000000000000000004 /* Project object */;
}
